
Microsoft Visual Studio Solution File, Format Version 12.00
# Visual Studio Version 17
VisualStudioVersion = 17.8.34330.188
MinimumVisualStudioVersion = 10.0.40219.1
Project("{FAE04EC0-301F-11D3-BF4B-00C04F79EFBC}") = "backend", "backend\backend.csproj", "{973CDE5D-F2CE-407C-A6B1-E436F5AF4429}"
EndProject
Global
	GlobalSection(SolutionConfigurationPlatforms) = preSolution
		Debug|Any CPU = Debug|Any CPU
		Release|Any CPU = Release|Any CPU
	EndGlobalSection
	GlobalSection(ProjectConfigurationPlatforms) = postSolution
		{973CDE5D-F2CE-407C-A6B1-E436F5AF4429}.Debug|Any CPU.ActiveCfg = Debug|Any CPU
		{973CDE5D-F2CE-407C-A6B1-E436F5AF4429}.Debug|Any CPU.Build.0 = Debug|Any CPU
		{973CDE5D-F2CE-407C-A6B1-E436F5AF4429}.Release|Any CPU.ActiveCfg = Release|Any CPU
		{973CDE5D-F2CE-407C-A6B1-E436F5AF4429}.Release|Any CPU.Build.0 = Release|Any CPU
	EndGlobalSection
	GlobalSection(SolutionProperties) = preSolution
		HideSolutionNode = FALSE
	EndGlobalSection
	GlobalSection(ExtensibilityGlobals) = postSolution
		SolutionGuid = {ECF70425-59DF-458E-8814-8EC4270891E0}
	EndGlobalSection
EndGlobal
